// !$*UTF8*$!
{
	archiveVersion = 1;
	classes = {
	};
	objectVersion = 50;
	objects = {

/* Begin PBXBuildFile section */
		2E361B062520B805005146D7 /* CalculatorApp.swift in Sources */ = {isa = PBXBuildFile; fileRef = 2E361B052520B805005146D7 /* CalculatorApp.swift */; };
		2E361B082520B805005146D7 /* ContentView.swift in Sources */ = {isa = PBXBuildFile; fileRef = 2E361B072520B805005146D7 /* ContentView.swift */; };
		2E361B0A2520B806005146D7 /* Assets.xcassets in Resources */ = {isa = PBXBuildFile; fileRef = 2E361B092520B806005146D7 /* Assets.xcassets */; };
		2E361B0D2520B806005146D7 /* Preview Assets.xcassets in Resources */ = {isa = PBXBuildFile; fileRef = 2E361B0C2520B806005146D7 /* Preview Assets.xcassets */; };
		2E361B182520B806005146D7 /* CalculatorTests.swift in Sources */ = {isa = PBXBuildFile; fileRef = 2E361B172520B806005146D7 /* CalculatorTests.swift */; };
		2E361B232520B806005146D7 /* CalculatorUITests.swift in Sources */ = {isa = PBXBuildFile; fileRef = 2E361B222520B806005146D7 /* CalculatorUITests.swift */; };
		2E361B382520B9BB005146D7 /* NumberButtonModel.swift in Sources */ = {isa = PBXBuildFile; fileRef = 2E361B372520B9BB005146D7 /* NumberButtonModel.swift */; };
		2E361B402520B9E6005146D7 /* NumberButtonView.swift in Sources */ = {isa = PBXBuildFile; fileRef = 2E361B3F2520B9E6005146D7 /* NumberButtonView.swift */; };
		2E361B4D2520BF87005146D7 /* SpecialButtonView.swift in Sources */ = {isa = PBXBuildFile; fileRef = 2E361B4C2520BF87005146D7 /* SpecialButtonView.swift */; };
		2E361B532520BFA0005146D7 /* SpecialButtonModel.swift in Sources */ = {isa = PBXBuildFile; fileRef = 2E361B522520BFA0005146D7 /* SpecialButtonModel.swift */; };
/* End PBXBuildFile section */

/* Begin PBXContainerItemProxy section */
		2E361B142520B806005146D7 /* PBXContainerItemProxy */ = {
			isa = PBXContainerItemProxy;
			containerPortal = 2E361AFA2520B805005146D7 /* Project object */;
			proxyType = 1;
			remoteGlobalIDString = 2E361B012520B805005146D7;
			remoteInfo = Calculator;
		};
		2E361B1F2520B806005146D7 /* PBXContainerItemProxy */ = {
			isa = PBXContainerItemProxy;
			containerPortal = 2E361AFA2520B805005146D7 /* Project object */;
			proxyType = 1;
			remoteGlobalIDString = 2E361B012520B805005146D7;
			remoteInfo = Calculator;
		};
/* End PBXContainerItemProxy section */

/* Begin PBXFileReference section */
		2E361B022520B805005146D7 /* Calculator.app */ = {isa = PBXFileReference; explicitFileType = wrapper.application; includeInIndex = 0; path = Calculator.app; sourceTree = BUILT_PRODUCTS_DIR; };
		2E361B052520B805005146D7 /* CalculatorApp.swift */ = {isa = PBXFileReference; lastKnownFileType = sourcecode.swift; path = CalculatorApp.swift; sourceTree = "<group>"; };
		2E361B072520B805005146D7 /* ContentView.swift */ = {isa = PBXFileReference; lastKnownFileType = sourcecode.swift; path = ContentView.swift; sourceTree = "<group>"; };
		2E361B092520B806005146D7 /* Assets.xcassets */ = {isa = PBXFileReference; lastKnownFileType = folder.assetcatalog; path = Assets.xcassets; sourceTree = "<group>"; };
		2E361B0C2520B806005146D7 /* Preview Assets.xcassets */ = {isa = PBXFileReference; lastKnownFileType = folder.assetcatalog; path = "Preview Assets.xcassets"; sourceTree = "<group>"; };
		2E361B0E2520B806005146D7 /* Info.plist */ = {isa = PBXFileReference; lastKnownFileType = text.plist.xml; path = Info.plist; sourceTree = "<group>"; };
		2E361B132520B806005146D7 /* CalculatorTests.xctest */ = {isa = PBXFileReference; explicitFileType = wrapper.cfbundle; includeInIndex = 0; path = CalculatorTests.xctest; sourceTree = BUILT_PRODUCTS_DIR; };
		2E361B172520B806005146D7 /* CalculatorTests.swift */ = {isa = PBXFileReference; lastKnownFileType = sourcecode.swift; path = CalculatorTests.swift; sourceTree = "<group>"; };
		2E361B192520B806005146D7 /* Info.plist */ = {isa = PBXFileReference; lastKnownFileType = text.plist.xml; path = Info.plist; sourceTree = "<group>"; };
		2E361B1E2520B806005146D7 /* CalculatorUITests.xctest */ = {isa = PBXFileReference; explicitFileType = wrapper.cfbundle; includeInIndex = 0; path = CalculatorUITests.xctest; sourceTree = BUILT_PRODUCTS_DIR; };
		2E361B222520B806005146D7 /* CalculatorUITests.swift */ = {isa = PBXFileReference; lastKnownFileType = sourcecode.swift; path = CalculatorUITests.swift; sourceTree = "<group>"; };
		2E361B242520B806005146D7 /* Info.plist */ = {isa = PBXFileReference; lastKnownFileType = text.plist.xml; path = Info.plist; sourceTree = "<group>"; };
		2E361B372520B9BB005146D7 /* NumberButtonModel.swift */ = {isa = PBXFileReference; lastKnownFileType = sourcecode.swift; path = NumberButtonModel.swift; sourceTree = "<group>"; };
		2E361B3F2520B9E6005146D7 /* NumberButtonView.swift */ = {isa = PBXFileReference; lastKnownFileType = sourcecode.swift; path = NumberButtonView.swift; sourceTree = "<group>"; };
		2E361B4C2520BF87005146D7 /* SpecialButtonView.swift */ = {isa = PBXFileReference; lastKnownFileType = sourcecode.swift; path = SpecialButtonView.swift; sourceTree = "<group>"; };
		2E361B522520BFA0005146D7 /* SpecialButtonModel.swift */ = {isa = PBXFileReference; lastKnownFileType = sourcecode.swift; path = SpecialButtonModel.swift; sourceTree = "<group>"; };
/* End PBXFileReference section */

/* Begin PBXFrameworksBuildPhase section */
		2E361AFF2520B805005146D7 /* Frameworks */ = {
			isa = PBXFrameworksBuildPhase;
			buildActionMask = 2147483647;
			files = (
			);
			runOnlyForDeploymentPostprocessing = 0;
		};
		2E361B102520B806005146D7 /* Frameworks */ = {
			isa = PBXFrameworksBuildPhase;
			buildActionMask = 2147483647;
			files = (
			);
			runOnlyForDeploymentPostprocessing = 0;
		};
		2E361B1B2520B806005146D7 /* Frameworks */ = {
			isa = PBXFrameworksBuildPhase;
			buildActionMask = 2147483647;
			files = (
			);
			runOnlyForDeploymentPostprocessing = 0;
		};
/* End PBXFrameworksBuildPhase section */

/* Begin PBXGroup section */
		2E361AF92520B805005146D7 = {
			isa = PBXGroup;
			children = (
				2E361B042520B805005146D7 /* Calculator */,
				2E361B162520B806005146D7 /* CalculatorTests */,
				2E361B212520B806005146D7 /* CalculatorUITests */,
				2E361B032520B805005146D7 /* Products */,
			);
			sourceTree = "<group>";
		};
		2E361B032520B805005146D7 /* Products */ = {
			isa = PBXGroup;
			children = (
				2E361B022520B805005146D7 /* Calculator.app */,
				2E361B132520B806005146D7 /* CalculatorTests.xctest */,
				2E361B1E2520B806005146D7 /* CalculatorUITests.xctest */,
			);
			name = Products;
			sourceTree = "<group>";
		};
		2E361B042520B805005146D7 /* Calculator */ = {
			isa = PBXGroup;
			children = (
				2E361B092520B806005146D7 /* Assets.xcassets */,
				2E361B0E2520B806005146D7 /* Info.plist */,
				2E361B5B2520C729005146D7 /* Resources */,
				2E361B5A2520C704005146D7 /* MainView */,
				2E361B332520B948005146D7 /* Buttons */,
				2E361B0B2520B806005146D7 /* Preview Content */,
			);
			path = Calculator;
			sourceTree = "<group>";
		};
		2E361B0B2520B806005146D7 /* Preview Content */ = {
			isa = PBXGroup;
			children = (
				2E361B0C2520B806005146D7 /* Preview Assets.xcassets */,
			);
			path = "Preview Content";
			sourceTree = "<group>";
		};
		2E361B162520B806005146D7 /* CalculatorTests */ = {
			isa = PBXGroup;
			children = (
				2E361B172520B806005146D7 /* CalculatorTests.swift */,
				2E361B192520B806005146D7 /* Info.plist */,
			);
			path = CalculatorTests;
			sourceTree = "<group>";
		};
		2E361B212520B806005146D7 /* CalculatorUITests */ = {
			isa = PBXGroup;
			children = (
				2E361B222520B806005146D7 /* CalculatorUITests.swift */,
				2E361B242520B806005146D7 /* Info.plist */,
			);
			path = CalculatorUITests;
			sourceTree = "<group>";
		};
		2E361B332520B948005146D7 /* Buttons */ = {
			isa = PBXGroup;
			children = (
				2E361B4B2520BF62005146D7 /* SpecialButtons */,
				2E361B4A2520BF54005146D7 /* NumberButtons */,
			);
			path = Buttons;
			sourceTree = "<group>";
		};
		2E361B4A2520BF54005146D7 /* NumberButtons */ = {
			isa = PBXGroup;
			children = (
				2E361B372520B9BB005146D7 /* NumberButtonModel.swift */,
				2E361B3F2520B9E6005146D7 /* NumberButtonView.swift */,
			);
			path = NumberButtons;
			sourceTree = "<group>";
		};
		2E361B4B2520BF62005146D7 /* SpecialButtons */ = {
			isa = PBXGroup;
			children = (
				2E361B4C2520BF87005146D7 /* SpecialButtonView.swift */,
				2E361B522520BFA0005146D7 /* SpecialButtonModel.swift */,
			);
			path = SpecialButtons;
			sourceTree = "<group>";
		};
		2E361B5A2520C704005146D7 /* MainView */ = {
			isa = PBXGroup;
			children = (
				2E361B072520B805005146D7 /* ContentView.swift */,
			);
			path = MainView;
			sourceTree = "<group>";
		};
		2E361B5B2520C729005146D7 /* Resources */ = {
			isa = PBXGroup;
			children = (
				2E361B052520B805005146D7 /* CalculatorApp.swift */,
			);
			path = Resources;
			sourceTree = "<group>";
		};
/* End PBXGroup section */

/* Begin PBXNativeTarget section */
		2E361B012520B805005146D7 /* Calculator */ = {
			isa = PBXNativeTarget;
			buildConfigurationList = 2E361B272520B806005146D7 /* Build configuration list for PBXNativeTarget "Calculator" */;
			buildPhases = (
				2E361AFE2520B805005146D7 /* Sources */,
				2E361AFF2520B805005146D7 /* Frameworks */,
				2E361B002520B805005146D7 /* Resources */,
			);
			buildRules = (
			);
			dependencies = (
			);
			name = Calculator;
			productName = Calculator;
			productReference = 2E361B022520B805005146D7 /* Calculator.app */;
			productType = "com.apple.product-type.application";
		};
		2E361B122520B806005146D7 /* CalculatorTests */ = {
			isa = PBXNativeTarget;
			buildConfigurationList = 2E361B2A2520B806005146D7 /* Build configuration list for PBXNativeTarget "CalculatorTests" */;
			buildPhases = (
				2E361B0F2520B806005146D7 /* Sources */,
				2E361B102520B806005146D7 /* Frameworks */,
				2E361B112520B806005146D7 /* Resources */,
			);
			buildRules = (
			);
			dependencies = (
				2E361B152520B806005146D7 /* PBXTargetDependency */,
			);
			name = CalculatorTests;
			productName = CalculatorTests;
			productReference = 2E361B132520B806005146D7 /* CalculatorTests.xctest */;
			productType = "com.apple.product-type.bundle.unit-test";
		};
		2E361B1D2520B806005146D7 /* CalculatorUITests */ = {
			isa = PBXNativeTarget;
			buildConfigurationList = 2E361B2D2520B806005146D7 /* Build configuration list for PBXNativeTarget "CalculatorUITests" */;
			buildPhases = (
				2E361B1A2520B806005146D7 /* Sources */,
				2E361B1B2520B806005146D7 /* Frameworks */,
				2E361B1C2520B806005146D7 /* Resources */,
			);
			buildRules = (
			);
			dependencies = (
				2E361B202520B806005146D7 /* PBXTargetDependency */,
			);
			name = CalculatorUITests;
			productName = CalculatorUITests;
			productReference = 2E361B1E2520B806005146D7 /* CalculatorUITests.xctest */;
			productType = "com.apple.product-type.bundle.ui-testing";
		};
/* End PBXNativeTarget section */

/* Begin PBXProject section */
		2E361AFA2520B805005146D7 /* Project object */ = {
			isa = PBXProject;
			attributes = {
				LastSwiftUpdateCheck = 1200;
				LastUpgradeCheck = 1200;
				TargetAttributes = {
					2E361B012520B805005146D7 = {
						CreatedOnToolsVersion = 12.0.1;
					};
					2E361B122520B806005146D7 = {
						CreatedOnToolsVersion = 12.0.1;
						TestTargetID = 2E361B012520B805005146D7;
					};
					2E361B1D2520B806005146D7 = {
						CreatedOnToolsVersion = 12.0.1;
						TestTargetID = 2E361B012520B805005146D7;
					};
				};
			};
			buildConfigurationList = 2E361AFD2520B805005146D7 /* Build configuration list for PBXProject "Calculator" */;
			compatibilityVersion = "Xcode 9.3";
			developmentRegion = en;
			hasScannedForEncodings = 0;
			knownRegions = (
				en,
				Base,
			);
			mainGroup = 2E361AF92520B805005146D7;
			productRefGroup = 2E361B032520B805005146D7 /* Products */;
			projectDirPath = "";
			projectRoot = "";
			targets = (
				2E361B012520B805005146D7 /* Calculator */,
				2E361B122520B806005146D7 /* CalculatorTests */,
				2E361B1D2520B806005146D7 /* CalculatorUITests */,
			);
		};
/* End PBXProject section */

/* Begin PBXResourcesBuildPhase section */
		2E361B002520B805005146D7 /* Resources */ = {
			isa = PBXResourcesBuildPhase;
			buildActionMask = 2147483647;
			files = (
				2E361B0D2520B806005146D7 /* Preview Assets.xcassets in Resources */,
				2E361B0A2520B806005146D7 /* Assets.xcassets in Resources */,
			);
			runOnlyForDeploymentPostprocessing = 0;
		};
		2E361B112520B806005146D7 /* Resources */ = {
			isa = PBXResourcesBuildPhase;
			buildActionMask = 2147483647;
			files = (
			);
			runOnlyForDeploymentPostprocessing = 0;
		};
		2E361B1C2520B806005146D7 /* Resources */ = {
			isa = PBXResourcesBuildPhase;
			buildActionMask = 2147483647;
			files = (
			);
			runOnlyForDeploymentPostprocessing = 0;
		};
/* End PBXResourcesBuildPhase section */

/* Begin PBXSourcesBuildPhase section */
		2E361AFE2520B805005146D7 /* Sources */ = {
			isa = PBXSourcesBuildPhase;
			buildActionMask = 2147483647;
			files = (
				2E361B082520B805005146D7 /* ContentView.swift in Sources */,
				2E361B532520BFA0005146D7 /* SpecialButtonModel.swift in Sources */,
				2E361B062520B805005146D7 /* CalculatorApp.swift in Sources */,
				2E361B402520B9E6005146D7 /* NumberButtonView.swift in Sources */,
				2E361B382520B9BB005146D7 /* NumberButtonModel.swift in Sources */,
				2E361B4D2520BF87005146D7 /* SpecialButtonView.swift in Sources */,
			);
			runOnlyForDeploymentPostprocessing = 0;
		};
		2E361B0F2520B806005146D7 /* Sources */ = {
			isa = PBXSourcesBuildPhase;
			buildActionMask = 2147483647;
			files = (
				2E361B182520B806005146D7 /* CalculatorTests.swift in Sources */,
			);
			runOnlyForDeploymentPostprocessing = 0;
		};
		2E361B1A2520B806005146D7 /* Sources */ = {
			isa = PBXSourcesBuildPhase;
			buildActionMask = 2147483647;
			files = (
				2E361B232520B806005146D7 /* CalculatorUITests.swift in Sources */,
			);
			runOnlyForDeploymentPostprocessing = 0;
		};
/* End PBXSourcesBuildPhase section */

/* Begin PBXTargetDependency section */
		2E361B152520B806005146D7 /* PBXTargetDependency */ = {
			isa = PBXTargetDependency;
			target = 2E361B012520B805005146D7 /* Calculator */;
			targetProxy = 2E361B142520B806005146D7 /* PBXContainerItemProxy */;
		};
		2E361B202520B806005146D7 /* PBXTargetDependency */ = {
			isa = PBXTargetDependency;
			target = 2E361B012520B805005146D7 /* Calculator */;
			targetProxy = 2E361B1F2520B806005146D7 /* PBXContainerItemProxy */;
		};
/* End PBXTargetDependency section */

/* Begin XCBuildConfiguration section */
		2E361B252520B806005146D7 /* Debug */ = {
			isa = XCBuildConfiguration;
			buildSettings = {
				ALWAYS_SEARCH_USER_PATHS = NO;
				CLANG_ANALYZER_NONNULL = YES;
				CLANG_ANALYZER_NUMBER_OBJECT_CONVERSION = YES_AGGRESSIVE;
				CLANG_CXX_LANGUAGE_STANDARD = "gnu++14";
				CLANG_CXX_LIBRARY = "libc++";
				CLANG_ENABLE_MODULES = YES;
				CLANG_ENABLE_OBJC_ARC = YES;
				CLANG_ENABLE_OBJC_WEAK = YES;
				CLANG_WARN_BLOCK_CAPTURE_AUTORELEASING = YES;
				CLANG_WARN_BOOL_CONVERSION = YES;
				CLANG_WARN_COMMA = YES;
				CLANG_WARN_CONSTANT_CONVERSION = YES;
				CLANG_WARN_DEPRECATED_OBJC_IMPLEMENTATIONS = YES;
				CLANG_WARN_DIRECT_OBJC_ISA_USAGE = YES_ERROR;
				CLANG_WARN_DOCUMENTATION_COMMENTS = YES;
				CLANG_WARN_EMPTY_BODY = YES;
				CLANG_WARN_ENUM_CONVERSION = YES;
				CLANG_WARN_INFINITE_RECURSION = YES;
				CLANG_WARN_INT_CONVERSION = YES;
				CLANG_WARN_NON_LITERAL_NULL_CONVERSION = YES;
				CLANG_WARN_OBJC_IMPLICIT_RETAIN_SELF = YES;
				CLANG_WARN_OBJC_LITERAL_CONVERSION = YES;
				CLANG_WARN_OBJC_ROOT_CLASS = YES_ERROR;
				CLANG_WARN_QUOTED_INCLUDE_IN_FRAMEWORK_HEADER = YES;
				CLANG_WARN_RANGE_LOOP_ANALYSIS = YES;
				CLANG_WARN_STRICT_PROTOTYPES = YES;
				CLANG_WARN_SUSPICIOUS_MOVE = YES;
				CLANG_WARN_UNGUARDED_AVAILABILITY = YES_AGGRESSIVE;
				CLANG_WARN_UNREACHABLE_CODE = YES;
				CLANG_WARN__DUPLICATE_METHOD_MATCH = YES;
				COPY_PHASE_STRIP = NO;
				DEBUG_INFORMATION_FORMAT = dwarf;
				ENABLE_STRICT_OBJC_MSGSEND = YES;
				ENABLE_TESTABILITY = YES;
				GCC_C_LANGUAGE_STANDARD = gnu11;
				GCC_DYNAMIC_NO_PIC = NO;
				GCC_NO_COMMON_BLOCKS = YES;
				GCC_OPTIMIZATION_LEVEL = 0;
				GCC_PREPROCESSOR_DEFINITIONS = (
					"DEBUG=1",
					"$(inherited)",
				);
				GCC_WARN_64_TO_32_BIT_CONVERSION = YES;
				GCC_WARN_ABOUT_RETURN_TYPE = YES_ERROR;
				GCC_WARN_UNDECLARED_SELECTOR = YES;
				GCC_WARN_UNINITIALIZED_AUTOS = YES_AGGRESSIVE;
				GCC_WARN_UNUSED_FUNCTION = YES;
				GCC_WARN_UNUSED_VARIABLE = YES;
				IPHONEOS_DEPLOYMENT_TARGET = 14.0;
				MTL_ENABLE_DEBUG_INFO = INCLUDE_SOURCE;
				MTL_FAST_MATH = YES;
				ONLY_ACTIVE_ARCH = YES;
				SDKROOT = iphoneos;
				SWIFT_ACTIVE_COMPILATION_CONDITIONS = DEBUG;
				SWIFT_OPTIMIZATION_LEVEL = "-Onone";
			};
			name = Debug;
		};
		2E361B262520B806005146D7 /* Release */ = {
			isa = XCBuildConfiguration;
			buildSettings = {
				ALWAYS_SEARCH_USER_PATHS = NO;
				CLANG_ANALYZER_NONNULL = YES;
				CLANG_ANALYZER_NUMBER_OBJECT_CONVERSION = YES_AGGRESSIVE;
				CLANG_CXX_LANGUAGE_STANDARD = "gnu++14";
				CLANG_CXX_LIBRARY = "libc++";
				CLANG_ENABLE_MODULES = YES;
				CLANG_ENABLE_OBJC_ARC = YES;
				CLANG_ENABLE_OBJC_WEAK = YES;
				CLANG_WARN_BLOCK_CAPTURE_AUTORELEASING = YES;
				CLANG_WARN_BOOL_CONVERSION = YES;
				CLANG_WARN_COMMA = YES;
				CLANG_WARN_CONSTANT_CONVERSION = YES;
				CLANG_WARN_DEPRECATED_OBJC_IMPLEMENTATIONS = YES;
				CLANG_WARN_DIRECT_OBJC_ISA_USAGE = YES_ERROR;
				CLANG_WARN_DOCUMENTATION_COMMENTS = YES;
				CLANG_WARN_EMPTY_BODY = YES;
				CLANG_WARN_ENUM_CONVERSION = YES;
				CLANG_WARN_INFINITE_RECURSION = YES;
				CLANG_WARN_INT_CONVERSION = YES;
				CLANG_WARN_NON_LITERAL_NULL_CONVERSION = YES;
				CLANG_WARN_OBJC_IMPLICIT_RETAIN_SELF = YES;
				CLANG_WARN_OBJC_LITERAL_CONVERSION = YES;
				CLANG_WARN_OBJC_ROOT_CLASS = YES_ERROR;
				CLANG_WARN_QUOTED_INCLUDE_IN_FRAMEWORK_HEADER = YES;
				CLANG_WARN_RANGE_LOOP_ANALYSIS = YES;
				CLANG_WARN_STRICT_PROTOTYPES = YES;
				CLANG_WARN_SUSPICIOUS_MOVE = YES;
				CLANG_WARN_UNGUARDED_AVAILABILITY = YES_AGGRESSIVE;
				CLANG_WARN_UNREACHABLE_CODE = YES;
				CLANG_WARN__DUPLICATE_METHOD_MATCH = YES;
				COPY_PHASE_STRIP = NO;
				DEBUG_INFORMATION_FORMAT = "dwarf-with-dsym";
				ENABLE_NS_ASSERTIONS = NO;
				ENABLE_STRICT_OBJC_MSGSEND = YES;
				GCC_C_LANGUAGE_STANDARD = gnu11;
				GCC_NO_COMMON_BLOCKS = YES;
				GCC_WARN_64_TO_32_BIT_CONVERSION = YES;
				GCC_WARN_ABOUT_RETURN_TYPE = YES_ERROR;
				GCC_WARN_UNDECLARED_SELECTOR = YES;
				GCC_WARN_UNINITIALIZED_AUTOS = YES_AGGRESSIVE;
				GCC_WARN_UNUSED_FUNCTION = YES;
				GCC_WARN_UNUSED_VARIABLE = YES;
				IPHONEOS_DEPLOYMENT_TARGET = 14.0;
				MTL_ENABLE_DEBUG_INFO = NO;
				MTL_FAST_MATH = YES;
				SDKROOT = iphoneos;
				SWIFT_COMPILATION_MODE = wholemodule;
				SWIFT_OPTIMIZATION_LEVEL = "-O";
				VALIDATE_PRODUCT = YES;
			};
			name = Release;
		};
		2E361B282520B806005146D7 /* Debug */ = {
			isa = XCBuildConfiguration;
			buildSettings = {
				ASSETCATALOG_COMPILER_APPICON_NAME = AppIcon;
				ASSETCATALOG_COMPILER_GLOBAL_ACCENT_COLOR_NAME = AccentColor;
				CODE_SIGN_STYLE = Automatic;
				DEVELOPMENT_ASSET_PATHS = "\"Calculator/Preview Content\"";
				DEVELOPMENT_TEAM = J4563W7S2E;
				ENABLE_PREVIEWS = YES;
				INFOPLIST_FILE = Calculator/Info.plist;
				IPHONEOS_DEPLOYMENT_TARGET = 14.0;
				LD_RUNPATH_SEARCH_PATHS = (
					"$(inherited)",
					"@executable_path/Frameworks",
				);
				PRODUCT_BUNDLE_IDENTIFIER = com.WojtekK.Calculator;
				PRODUCT_NAME = "$(TARGET_NAME)";
				SWIFT_VERSION = 5.0;
				TARGETED_DEVICE_FAMILY = "1,2";
			};
			name = Debug;
		};
		2E361B292520B806005146D7 /* Release */ = {
			isa = XCBuildConfiguration;
			buildSettings = {
				ASSETCATALOG_COMPILER_APPICON_NAME = AppIcon;
				ASSETCATALOG_COMPILER_GLOBAL_ACCENT_COLOR_NAME = AccentColor;
				CODE_SIGN_STYLE = Automatic;
				DEVELOPMENT_ASSET_PATHS = "\"Calculator/Preview Content\"";
				DEVELOPMENT_TEAM = J4563W7S2E;
				ENABLE_PREVIEWS = YES;
				INFOPLIST_FILE = Calculator/Info.plist;
				IPHONEOS_DEPLOYMENT_TARGET = 14.0;
				LD_RUNPATH_SEARCH_PATHS = (
					"$(inherited)",
					"@executable_path/Frameworks",
				);
				PRODUCT_BUNDLE_IDENTIFIER = com.WojtekK.Calculator;
				PRODUCT_NAME = "$(TARGET_NAME)";
				SWIFT_VERSION = 5.0;
				TARGETED_DEVICE_FAMILY = "1,2";
			};
			name = Release;
		};
		2E361B2B2520B806005146D7 /* Debug */ = {
			isa = XCBuildConfiguration;
			buildSettings = {
				ALWAYS_EMBED_SWIFT_STANDARD_LIBRARIES = YES;
				BUNDLE_LOADER = "$(TEST_HOST)";
				CODE_SIGN_STYLE = Automatic;
				DEVELOPMENT_TEAM = J4563W7S2E;
				INFOPLIST_FILE = CalculatorTests/Info.plist;
				IPHONEOS_DEPLOYMENT_TARGET = 14.0;
				LD_RUNPATH_SEARCH_PATHS = (
					"$(inherited)",
					"@executable_path/Frameworks",
					"@loader_path/Frameworks",
				);
				PRODUCT_BUNDLE_IDENTIFIER = com.WojtekK.CalculatorTests;
				PRODUCT_NAME = "$(TARGET_NAME)";
				SWIFT_VERSION = 5.0;
				TARGETED_DEVICE_FAMILY = "1,2";
				TEST_HOST = "$(BUILT_PRODUCTS_DIR)/Calculator.app/Calculator";
			};
			name = Debug;
		};
		2E361B2C2520B806005146D7 /* Release */ = {
			isa = XCBuildConfiguration;
			buildSettings = {
				ALWAYS_EMBED_SWIFT_STANDARD_LIBRARIES = YES;
				BUNDLE_LOADER = "$(TEST_HOST)";
				CODE_SIGN_STYLE = Automatic;
				DEVELOPMENT_TEAM = J4563W7S2E;
				INFOPLIST_FILE = CalculatorTests/Info.plist;
				IPHONEOS_DEPLOYMENT_TARGET = 14.0;
				LD_RUNPATH_SEARCH_PATHS = (
					"$(inherited)",
					"@executable_path/Frameworks",
					"@loader_path/Frameworks",
				);
				PRODUCT_BUNDLE_IDENTIFIER = com.WojtekK.CalculatorTests;
				PRODUCT_NAME = "$(TARGET_NAME)";
				SWIFT_VERSION = 5.0;
				TARGETED_DEVICE_FAMILY = "1,2";
				TEST_HOST = "$(BUILT_PRODUCTS_DIR)/Calculator.app/Calculator";
			};
			name = Release;
		};
		2E361B2E2520B806005146D7 /* Debug */ = {
			isa = XCBuildConfiguration;
			buildSettings = {
				ALWAYS_EMBED_SWIFT_STANDARD_LIBRARIES = YES;
				CODE_SIGN_STYLE = Automatic;
				DEVELOPMENT_TEAM = J4563W7S2E;
				INFOPLIST_FILE = CalculatorUITests/Info.plist;
				LD_RUNPATH_SEARCH_PATHS = (
					"$(inherited)",
					"@executable_path/Frameworks",
					"@loader_path/Frameworks",
				);
				PRODUCT_BUNDLE_IDENTIFIER = com.WojtekK.CalculatorUITests;
				PRODUCT_NAME = "$(TARGET_NAME)";
				SWIFT_VERSION = 5.0;
				TARGETED_DEVICE_FAMILY = "1,2";
				TEST_TARGET_NAME = Calculator;
			};
			name = Debug;
		};
		2E361B2F2520B806005146D7 /* Release */ = {
			isa = XCBuildConfiguration;
			buildSettings = {
				ALWAYS_EMBED_SWIFT_STANDARD_LIBRARIES = YES;
				CODE_SIGN_STYLE = Automatic;
				DEVELOPMENT_TEAM = J4563W7S2E;
				INFOPLIST_FILE = CalculatorUITests/Info.plist;
				LD_RUNPATH_SEARCH_PATHS = (
					"$(inherited)",
					"@executable_path/Frameworks",
					"@loader_path/Frameworks",
				);
				PRODUCT_BUNDLE_IDENTIFIER = com.WojtekK.CalculatorUITests;
				PRODUCT_NAME = "$(TARGET_NAME)";
				SWIFT_VERSION = 5.0;
				TARGETED_DEVICE_FAMILY = "1,2";
				TEST_TARGET_NAME = Calculator;
			};
			name = Release;
		};
/* End XCBuildConfiguration section */

/* Begin XCConfigurationList section */
		2E361AFD2520B805005146D7 /* Build configuration list for PBXProject "Calculator" */ = {
			isa = XCConfigurationList;
			buildConfigurations = (
				2E361B252520B806005146D7 /* Debug */,
				2E361B262520B806005146D7 /* Release */,
			);
			defaultConfigurationIsVisible = 0;
			defaultConfigurationName = Release;
		};
		2E361B272520B806005146D7 /* Build configuration list for PBXNativeTarget "Calculator" */ = {
			isa = XCConfigurationList;
			buildConfigurations = (
				2E361B282520B806005146D7 /* Debug */,
				2E361B292520B806005146D7 /* Release */,
			);
			defaultConfigurationIsVisible = 0;
			defaultConfigurationName = Release;
		};
		2E361B2A2520B806005146D7 /* Build configuration list for PBXNativeTarget "CalculatorTests" */ = {
			isa = XCConfigurationList;
			buildConfigurations = (
				2E361B2B2520B806005146D7 /* Debug */,
				2E361B2C2520B806005146D7 /* Release */,
			);
			defaultConfigurationIsVisible = 0;
			defaultConfigurationName = Release;
		};
		2E361B2D2520B806005146D7 /* Build configuration list for PBXNativeTarget "CalculatorUITests" */ = {
			isa = XCConfigurationList;
			buildConfigurations = (
				2E361B2E2520B806005146D7 /* Debug */,
				2E361B2F2520B806005146D7 /* Release */,
			);
			defaultConfigurationIsVisible = 0;
			defaultConfigurationName = Release;
		};
/* End XCConfigurationList section */
	};
	rootObject = 2E361AFA2520B805005146D7 /* Project object */;
}
